
Microsoft Visual Studio Solution File, Format Version 12.00
# Visual Studio Version 16
VisualStudioVersion = 16.0.30413.136
MinimumVisualStudioVersion = 10.0.40219.1
Project("{FAE04EC0-301F-11D3-BF4B-00C04F79EFBC}") = "JohannasLab1", "JohannasLab1\JohannasLab1.csproj", "{AE2C71A6-BA66-4435-9AD9-33501B5B3428}"
EndProject
Global
	GlobalSection(SolutionConfigurationPlatforms) = preSolution
		Debug|Any CPU = Debug|Any CPU
		Release|Any CPU = Release|Any CPU
	EndGlobalSection
	GlobalSection(ProjectConfigurationPlatforms) = postSolution
		{AE2C71A6-BA66-4435-9AD9-33501B5B3428}.Debug|Any CPU.ActiveCfg = Debug|Any CPU
		{AE2C71A6-BA66-4435-9AD9-33501B5B3428}.Debug|Any CPU.Build.0 = Debug|Any CPU
		{AE2C71A6-BA66-4435-9AD9-33501B5B3428}.Release|Any CPU.ActiveCfg = Release|Any CPU
		{AE2C71A6-BA66-4435-9AD9-33501B5B3428}.Release|Any CPU.Build.0 = Release|Any CPU
	EndGlobalSection
	GlobalSection(SolutionProperties) = preSolution
		HideSolutionNode = FALSE
	EndGlobalSection
	GlobalSection(ExtensibilityGlobals) = postSolution
		SolutionGuid = {29C803A2-3CAB-4D31-96A1-5CA149A71CE2}
	EndGlobalSection
EndGlobal
